
Microsoft Visual Studio Solution File, Format Version 12.00
# Visual Studio Version 17
VisualStudioVersion = 17.13.35913.81 d17.13
MinimumVisualStudioVersion = 10.0.40219.1
Project("{FAE04EC0-301F-11D3-BF4B-00C04F79EFBC}") = "CyberSecurityChatbot", "CyberSecurityChatbot.csproj", "{F31A067C-E875-4556-BF42-202A2EA07B3B}"
EndProject
Global
	GlobalSection(SolutionConfigurationPlatforms) = preSolution
		Debug|Any CPU = Debug|Any CPU
		Release|Any CPU = Release|Any CPU
	EndGlobalSection
	GlobalSection(ProjectConfigurationPlatforms) = postSolution
		{F31A067C-E875-4556-BF42-202A2EA07B3B}.Debug|Any CPU.ActiveCfg = Debug|Any CPU
		{F31A067C-E875-4556-BF42-202A2EA07B3B}.Debug|Any CPU.Build.0 = Debug|Any CPU
		{F31A067C-E875-4556-BF42-202A2EA07B3B}.Release|Any CPU.ActiveCfg = Release|Any CPU
		{F31A067C-E875-4556-BF42-202A2EA07B3B}.Release|Any CPU.Build.0 = Release|Any CPU
	EndGlobalSection
	GlobalSection(SolutionProperties) = preSolution
		HideSolutionNode = FALSE
	EndGlobalSection
	GlobalSection(ExtensibilityGlobals) = postSolution
		SolutionGuid = {C5726CB2-A2C1-4781-8D53-152C80A3B87A}
	EndGlobalSection
EndGlobal
